
Microsoft Visual Studio Solution File, Format Version 12.00
# Visual Studio Version 17
VisualStudioVersion = 17.3.32825.248
MinimumVisualStudioVersion = 10.0.40219.1
Project("{FAE04EC0-301F-11D3-BF4B-00C04F79EFBC}") = "ACT5_CalcBinaire", "ACT5_CalcBinaire\ACT5_CalcBinaire.csproj", "{6349015E-D41D-4A4C-9F6E-B4E7801C6A0B}"
EndProject
Global
	GlobalSection(SolutionConfigurationPlatforms) = preSolution
		Debug|Any CPU = Debug|Any CPU
		Release|Any CPU = Release|Any CPU
	EndGlobalSection
	GlobalSection(ProjectConfigurationPlatforms) = postSolution
		{6349015E-D41D-4A4C-9F6E-B4E7801C6A0B}.Debug|Any CPU.ActiveCfg = Debug|Any CPU
		{6349015E-D41D-4A4C-9F6E-B4E7801C6A0B}.Debug|Any CPU.Build.0 = Debug|Any CPU
		{6349015E-D41D-4A4C-9F6E-B4E7801C6A0B}.Release|Any CPU.ActiveCfg = Release|Any CPU
		{6349015E-D41D-4A4C-9F6E-B4E7801C6A0B}.Release|Any CPU.Build.0 = Release|Any CPU
	EndGlobalSection
	GlobalSection(SolutionProperties) = preSolution
		HideSolutionNode = FALSE
	EndGlobalSection
	GlobalSection(ExtensibilityGlobals) = postSolution
		SolutionGuid = {912E99F2-E863-4EE2-88FB-33AC22D56AD4}
	EndGlobalSection
EndGlobal
